
Microsoft Visual Studio Solution File, Format Version 12.00
# Visual Studio 15
VisualStudioVersion = 15.0.28307.539
MinimumVisualStudioVersion = 10.0.40219.1
Project("{FAE04EC0-301F-11D3-BF4B-00C04F79EFBC}") = "AbsFactoryAtividade2.0", "AbsFactoryAtividade2.0\AbsFactoryAtividade2.0.csproj", "{6E19FAAA-4A96-4E99-8BBA-2DFA9778230D}"
EndProject
Global
	GlobalSection(SolutionConfigurationPlatforms) = preSolution
		Debug|Any CPU = Debug|Any CPU
		Release|Any CPU = Release|Any CPU
	EndGlobalSection
	GlobalSection(ProjectConfigurationPlatforms) = postSolution
		{6E19FAAA-4A96-4E99-8BBA-2DFA9778230D}.Debug|Any CPU.ActiveCfg = Debug|Any CPU
		{6E19FAAA-4A96-4E99-8BBA-2DFA9778230D}.Debug|Any CPU.Build.0 = Debug|Any CPU
		{6E19FAAA-4A96-4E99-8BBA-2DFA9778230D}.Release|Any CPU.ActiveCfg = Release|Any CPU
		{6E19FAAA-4A96-4E99-8BBA-2DFA9778230D}.Release|Any CPU.Build.0 = Release|Any CPU
	EndGlobalSection
	GlobalSection(SolutionProperties) = preSolution
		HideSolutionNode = FALSE
	EndGlobalSection
	GlobalSection(ExtensibilityGlobals) = postSolution
		SolutionGuid = {E3D5D3AA-58B6-4E73-82F9-E2927B30408F}
	EndGlobalSection
EndGlobal
