
Microsoft Visual Studio Solution File, Format Version 12.00
# Visual Studio 15
VisualStudioVersion = 15.0.28307.539
MinimumVisualStudioVersion = 10.0.40219.1
Project("{FAE04EC0-301F-11D3-BF4B-00C04F79EFBC}") = "mvccc", "mvccc\mvccc.csproj", "{E91695A6-6888-4796-B67F-2EF82C57418D}"
EndProject
Global
	GlobalSection(SolutionConfigurationPlatforms) = preSolution
		Debug|Any CPU = Debug|Any CPU
		Release|Any CPU = Release|Any CPU
	EndGlobalSection
	GlobalSection(ProjectConfigurationPlatforms) = postSolution
		{E91695A6-6888-4796-B67F-2EF82C57418D}.Debug|Any CPU.ActiveCfg = Debug|Any CPU
		{E91695A6-6888-4796-B67F-2EF82C57418D}.Debug|Any CPU.Build.0 = Debug|Any CPU
		{E91695A6-6888-4796-B67F-2EF82C57418D}.Release|Any CPU.ActiveCfg = Release|Any CPU
		{E91695A6-6888-4796-B67F-2EF82C57418D}.Release|Any CPU.Build.0 = Release|Any CPU
	EndGlobalSection
	GlobalSection(SolutionProperties) = preSolution
		HideSolutionNode = FALSE
	EndGlobalSection
	GlobalSection(ExtensibilityGlobals) = postSolution
		SolutionGuid = {943AEE73-7280-45CF-9467-7FC0BCE9C220}
	EndGlobalSection
EndGlobal
