
Microsoft Visual Studio Solution File, Format Version 12.00
# Visual Studio 15
VisualStudioVersion = 15.0.28307.539
MinimumVisualStudioVersion = 10.0.40219.1
Project("{FAE04EC0-301F-11D3-BF4B-00C04F79EFBC}") = "AnimalWord", "AnimalWord\AnimalWord.csproj", "{652B2F00-2B02-4661-9265-8CE8079E0145}"
EndProject
Global
	GlobalSection(SolutionConfigurationPlatforms) = preSolution
		Debug|Any CPU = Debug|Any CPU
		Release|Any CPU = Release|Any CPU
	EndGlobalSection
	GlobalSection(ProjectConfigurationPlatforms) = postSolution
		{652B2F00-2B02-4661-9265-8CE8079E0145}.Debug|Any CPU.ActiveCfg = Debug|Any CPU
		{652B2F00-2B02-4661-9265-8CE8079E0145}.Debug|Any CPU.Build.0 = Debug|Any CPU
		{652B2F00-2B02-4661-9265-8CE8079E0145}.Release|Any CPU.ActiveCfg = Release|Any CPU
		{652B2F00-2B02-4661-9265-8CE8079E0145}.Release|Any CPU.Build.0 = Release|Any CPU
	EndGlobalSection
	GlobalSection(SolutionProperties) = preSolution
		HideSolutionNode = FALSE
	EndGlobalSection
	GlobalSection(ExtensibilityGlobals) = postSolution
		SolutionGuid = {A30CEB3B-1FF6-455D-A6CC-D16DCAEA4BEE}
	EndGlobalSection
EndGlobal
