
Microsoft Visual Studio Solution File, Format Version 12.00
# Visual Studio 15
VisualStudioVersion = 15.0.28307.539
MinimumVisualStudioVersion = 10.0.40219.1
Project("{FAE04EC0-301F-11D3-BF4B-00C04F79EFBC}") = "Comercio", "ConsoleApp1\Comercio.csproj", "{29839BAE-B324-441B-B5C1-5880722A16A4}"
EndProject
Global
	GlobalSection(SolutionConfigurationPlatforms) = preSolution
		Debug|Any CPU = Debug|Any CPU
		Release|Any CPU = Release|Any CPU
	EndGlobalSection
	GlobalSection(ProjectConfigurationPlatforms) = postSolution
		{29839BAE-B324-441B-B5C1-5880722A16A4}.Debug|Any CPU.ActiveCfg = Debug|Any CPU
		{29839BAE-B324-441B-B5C1-5880722A16A4}.Debug|Any CPU.Build.0 = Debug|Any CPU
		{29839BAE-B324-441B-B5C1-5880722A16A4}.Release|Any CPU.ActiveCfg = Release|Any CPU
		{29839BAE-B324-441B-B5C1-5880722A16A4}.Release|Any CPU.Build.0 = Release|Any CPU
	EndGlobalSection
	GlobalSection(SolutionProperties) = preSolution
		HideSolutionNode = FALSE
	EndGlobalSection
	GlobalSection(ExtensibilityGlobals) = postSolution
		SolutionGuid = {D6044B29-ECF0-4092-B8F1-A11916BD7B6C}
	EndGlobalSection
EndGlobal
